
Microsoft Visual Studio Solution File, Format Version 12.00
# Visual Studio 15
VisualStudioVersion = 15.0.33026.149
MinimumVisualStudioVersion = 10.0.40219.1
Project("{FAE04EC0-301F-11D3-BF4B-00C04F79EFBC}") = "GameLauncher", "GameLauncher\GameLauncher.csproj", "{3A681E43-1712-431E-9CCD-6362B9C05CAD}"
EndProject
Global
	GlobalSection(SolutionConfigurationPlatforms) = preSolution
		Debug|Any CPU = Debug|Any CPU
		Release|Any CPU = Release|Any CPU
	EndGlobalSection
	GlobalSection(ProjectConfigurationPlatforms) = postSolution
		{3A681E43-1712-431E-9CCD-6362B9C05CAD}.Debug|Any CPU.ActiveCfg = Debug|Any CPU
		{3A681E43-1712-431E-9CCD-6362B9C05CAD}.Debug|Any CPU.Build.0 = Debug|Any CPU
		{3A681E43-1712-431E-9CCD-6362B9C05CAD}.Release|Any CPU.ActiveCfg = Release|Any CPU
		{3A681E43-1712-431E-9CCD-6362B9C05CAD}.Release|Any CPU.Build.0 = Release|Any CPU
	EndGlobalSection
	GlobalSection(SolutionProperties) = preSolution
		HideSolutionNode = FALSE
	EndGlobalSection
	GlobalSection(ExtensibilityGlobals) = postSolution
		SolutionGuid = {AEEFA54E-0B51-4951-A88B-6509D94A7D9D}
	EndGlobalSection
EndGlobal
